
Microsoft Visual Studio Solution File, Format Version 12.00
# Visual Studio Version 17
VisualStudioVersion = 17.12.35707.178
MinimumVisualStudioVersion = 10.0.40219.1
Project("{FAE04EC0-301F-11D3-BF4B-00C04F79EFBC}") = "Bank", "Bank\Bank.csproj", "{36303A15-9D2E-412C-B8D4-9C661405FF4C}"
EndProject
Project("{FAE04EC0-301F-11D3-BF4B-00C04F79EFBC}") = "BankTests", "BankTests\BankTests.csproj", "{C23C617F-CA1C-4158-98AC-DC89F6605C10}"
EndProject
Global
	GlobalSection(SolutionConfigurationPlatforms) = preSolution
		Debug|Any CPU = Debug|Any CPU
		Release|Any CPU = Release|Any CPU
	EndGlobalSection
	GlobalSection(ProjectConfigurationPlatforms) = postSolution
		{36303A15-9D2E-412C-B8D4-9C661405FF4C}.Debug|Any CPU.ActiveCfg = Debug|Any CPU
		{36303A15-9D2E-412C-B8D4-9C661405FF4C}.Debug|Any CPU.Build.0 = Debug|Any CPU
		{36303A15-9D2E-412C-B8D4-9C661405FF4C}.Release|Any CPU.ActiveCfg = Release|Any CPU
		{36303A15-9D2E-412C-B8D4-9C661405FF4C}.Release|Any CPU.Build.0 = Release|Any CPU
		{C23C617F-CA1C-4158-98AC-DC89F6605C10}.Debug|Any CPU.ActiveCfg = Debug|Any CPU
		{C23C617F-CA1C-4158-98AC-DC89F6605C10}.Debug|Any CPU.Build.0 = Debug|Any CPU
		{C23C617F-CA1C-4158-98AC-DC89F6605C10}.Release|Any CPU.ActiveCfg = Release|Any CPU
		{C23C617F-CA1C-4158-98AC-DC89F6605C10}.Release|Any CPU.Build.0 = Release|Any CPU
	EndGlobalSection
	GlobalSection(SolutionProperties) = preSolution
		HideSolutionNode = FALSE
	EndGlobalSection
EndGlobal
